<?xml version="1.0" encoding="utf-8"?>
<Project ToolsVersion="4.0" xmlns="http://schemas.microsoft.com/developer/msbuild/2003">
  <ItemGroup>
    <Filter Include="Source Files">
      <UniqueIdentifier>{4FC737F1-C7A5-4376-A066-2A32D752A2FF}</UniqueIdentifier>
      <Extensions>cpp;c;cc;cxx;c++;cppm;ixx;def;odl;idl;hpj;bat;asm;asmx</Extensions>
    </Filter>
    <Filter Include="Header Files">
      <UniqueIdentifier>{93995380-89BD-4b04-88EB-625FBE52EBFB}</UniqueIdentifier>
      <Extensions>h;hh;hpp;hxx;h++;hm;inl;inc;ipp;xsd</Extensions>
    </Filter>
    <Filter Include="Resource Files">
      <UniqueIdentifier>{67DA6AB6-F800-4c08-8B7A-83BB121AAD01}</UniqueIdentifier>
      <Extensions>rc;ico;cur;bmp;dlg;rc2;rct;bin;rgs;gif;jpg;jpeg;jpe;resx;tiff;tif;png;wav;mfcribbon-ms</Extensions>
    </Filter>
  </ItemGroup>
  <ItemGroup>
    <ClInclude Include="Includes\AvgEngine\Game.h">
      <Filter>Header Files</Filter>
    </ClInclude>
    <ClInclude Include="Includes\AvgEngine\EventManager.h">
      <Filter>Header Files</Filter>
    </ClInclude>
    <ClInclude Include="Includes\AvgEngine\Utils\Collision.h">
      <Filter>Header Files</Filter>
    </ClInclude>
    <ClInclude Include="Includes\AvgEngine\Utils\Easing.h">
      <Filter>Header Files</Filter>
    </ClInclude>
    <ClInclude Include="Includes\AvgEngine\Utils\EventManager.h">
      <Filter>Header Files</Filter>
    </ClInclude>
    <ClInclude Include="Includes\AvgEngine\Utils\Logging.h">
      <Filter>Header Files</Filter>
    </ClInclude>
    <ClInclude Include="Includes\AvgEngine\Utils\Paths.h">
      <Filter>Header Files</Filter>
    </ClInclude>
    <ClInclude Include="Includes\AvgEngine\Utils\StringTools.h">
      <Filter>Header Files</Filter>
    </ClInclude>
    <ClInclude Include="Includes\AvgEngine\Utils\TweenManager.h">
      <Filter>Header Files</Filter>
    </ClInclude>
    <ClInclude Include="Includes\AvgEngine\Render\Display.h">
      <Filter>Header Files</Filter>
    </ClInclude>
    <ClInclude Include="Includes\AvgEngine\Render\OpenGL\Shader.h">
      <Filter>Header Files</Filter>
    </ClInclude>
    <ClInclude Include="Includes\AvgEngine\Render\OpenGL\Texture.h">
      <Filter>Header Files</Filter>
    </ClInclude>
    <ClInclude Include="Includes\AvgEngine\External\Base64.h">
      <Filter>Header Files</Filter>
    </ClInclude>
    <ClInclude Include="Includes\AvgEngine\External\XML\pugiconfig.hpp">
      <Filter>Header Files</Filter>
    </ClInclude>
    <ClInclude Include="Includes\AvgEngine\External\XML\pugixml.hpp">
      <Filter>Header Files</Filter>
    </ClInclude>
    <ClInclude Include="Includes\AvgEngine\External\SpriteFont\FntParser.h">
      <Filter>Header Files</Filter>
    </ClInclude>
    <ClInclude Include="Includes\AvgEngine\External\Image\imageinfo.hpp">
      <Filter>Header Files</Filter>
    </ClInclude>
    <ClInclude Include="Includes\AvgEngine\External\Image\stbi.h">
      <Filter>Header Files</Filter>
    </ClInclude>
    <ClInclude Include="Includes\AvgEngine\Debug\Console.h">
      <Filter>Header Files</Filter>
    </ClInclude>
    <ClInclude Include="Includes\AvgEngine\Debug\ConsoleCommandHandler.h">
      <Filter>Header Files</Filter>
    </ClInclude>
    <ClInclude Include="Includes\AvgEngine\Base\Camera.h">
      <Filter>Header Files</Filter>
    </ClInclude>
    <ClInclude Include="Includes\AvgEngine\Base\GameObject.h">
      <Filter>Header Files</Filter>
    </ClInclude>
    <ClInclude Include="Includes\AvgEngine\Base\Menu.h">
      <Filter>Header Files</Filter>
    </ClInclude>
    <ClInclude Include="Includes\AvgEngine\Base\Rectangle.h">
      <Filter>Header Files</Filter>
    </ClInclude>
    <ClInclude Include="Includes\AvgEngine\Base\Sprite.h">
      <Filter>Header Files</Filter>
    </ClInclude>
    <ClInclude Include="Includes\AvgEngine\Base\Text.h">
      <Filter>Header Files</Filter>
    </ClInclude>
    <ClInclude Include="Includes\AvgEngine\Audio\Channel.h">
      <Filter>Header Files</Filter>
    </ClInclude>
    <ClInclude Include="Includes\AvgEngine\External\ImGui\ImGUIHelper.h">
      <Filter>Header Files</Filter>
    </ClInclude>
    <ClInclude Include="Includes\AvgEngine\External\minivorbis.h">
      <Filter>Header Files</Filter>
    </ClInclude>
  </ItemGroup>
  <ItemGroup>
    <ClCompile Include="Includes\AvgEngine\Game.cpp">
      <Filter>Source Files</Filter>
    </ClCompile>
    <ClCompile Include="Includes\AvgEngine\Utils\Easing.cpp">
      <Filter>Source Files</Filter>
    </ClCompile>
    <ClCompile Include="Includes\AvgEngine\Utils\Logging.cpp">
      <Filter>Source Files</Filter>
    </ClCompile>
    <ClCompile Include="Includes\AvgEngine\Utils\StringTools.cpp">
      <Filter>Source Files</Filter>
    </ClCompile>
    <ClCompile Include="Includes\AvgEngine\Render\Display.cpp">
      <Filter>Source Files</Filter>
    </ClCompile>
    <ClCompile Include="Includes\AvgEngine\Render\OpenGL\Shader.cpp">
      <Filter>Source Files</Filter>
    </ClCompile>
    <ClCompile Include="Includes\AvgEngine\Render\OpenGL\Texture.cpp">
      <Filter>Source Files</Filter>
    </ClCompile>
    <ClCompile Include="Includes\AvgEngine\External\Base64.cpp">
      <Filter>Source Files</Filter>
    </ClCompile>
    <ClCompile Include="Includes\AvgEngine\External\XML\pugixml.cpp">
      <Filter>Source Files</Filter>
    </ClCompile>
    <ClCompile Include="Includes\AvgEngine\External\SpriteFont\FntParser.cpp">
      <Filter>Source Files</Filter>
    </ClCompile>
    <ClCompile Include="Includes\AvgEngine\External\Image\stbi.cpp">
      <Filter>Source Files</Filter>
    </ClCompile>
    <ClCompile Include="Includes\AvgEngine\External\Glad\glad.c">
      <Filter>Source Files</Filter>
    </ClCompile>
    <ClCompile Include="Includes\AvgEngine\Debug\Console.cpp">
      <Filter>Source Files</Filter>
    </ClCompile>
    <ClCompile Include="Includes\AvgEngine\Debug\ConsoleCommandHandler.cpp">
      <Filter>Source Files</Filter>
    </ClCompile>
    <ClCompile Include="Includes\AvgEngine\Base\Camera.cpp">
      <Filter>Source Files</Filter>
    </ClCompile>
    <ClCompile Include="Includes\AvgEngine\Base\GameObject.cpp">
      <Filter>Source Files</Filter>
    </ClCompile>
    <ClCompile Include="Includes\AvgEngine\External\ImGui\ImGUIHelper.cpp">
      <Filter>Source Files</Filter>
    </ClCompile>
    <ClCompile Include="Includes\AvgEngine\External\OpenAL\AL.h">
      <Filter>Source Files</Filter>
    </ClCompile>
    <ClCompile Include="Includes\AvgEngine\External\OpenAL\AL.cpp">
      <Filter>Source Files</Filter>
    </ClCompile>
    <ClCompile Include="Includes\AvgEngine\External\minivorbis.c">
      <Filter>Source Files</Filter>
    </ClCompile>
  </ItemGroup>
</Project>